// !$*UTF8*$!
{
	archiveVersion = 1;
	classes = {
	};
	objectVersion = 46;
	objects = {

/* Begin PBXBuildFile section */
		33EF242619B74C6800559E15 /* AppDelegate.swift in Sources */ = {isa = PBXBuildFile; fileRef = 33EF242519B74C6800559E15 /* AppDelegate.swift */; };
		33EF242919B74C6800559E15 /* SettleApp.xcdatamodeld in Sources */ = {isa = PBXBuildFile; fileRef = 33EF242719B74C6800559E15 /* SettleApp.xcdatamodeld */; };
		33EF242B19B74C6800559E15 /* ViewController.swift in Sources */ = {isa = PBXBuildFile; fileRef = 33EF242A19B74C6800559E15 /* ViewController.swift */; };
		33EF242E19B74C6800559E15 /* Main.storyboard in Resources */ = {isa = PBXBuildFile; fileRef = 33EF242C19B74C6800559E15 /* Main.storyboard */; };
		33EF243019B74C6800559E15 /* Images.xcassets in Resources */ = {isa = PBXBuildFile; fileRef = 33EF242F19B74C6800559E15 /* Images.xcassets */; };
		33EF243C19B74C6900559E15 /* SettleAppTests.swift in Sources */ = {isa = PBXBuildFile; fileRef = 33EF243B19B74C6900559E15 /* SettleAppTests.swift */; };
/* End PBXBuildFile section */

/* Begin PBXContainerItemProxy section */
		33EF243619B74C6900559E15 /* PBXContainerItemProxy */ = {
			isa = PBXContainerItemProxy;
			containerPortal = 33EF241819B74C6800559E15 /* Project object */;
			proxyType = 1;
			remoteGlobalIDString = 33EF241F19B74C6800559E15;
			remoteInfo = SettleApp;
		};
		33EF244519B74C7D00559E15 /* PBXContainerItemProxy */ = {
			isa = PBXContainerItemProxy;
			containerPortal = 33EF241819B74C6800559E15 /* Project object */;
			proxyType = 1;
			remoteGlobalIDString = 33EF241F19B74C6800559E15;
			remoteInfo = SettleApp;
		};
/* End PBXContainerItemProxy section */

/* Begin PBXFileReference section */
		33EF242019B74C6800559E15 /* SettleApp.app */ = {isa = PBXFileReference; explicitFileType = wrapper.application; includeInIndex = 0; path = SettleApp.app; sourceTree = BUILT_PRODUCTS_DIR; };
		33EF242419B74C6800559E15 /* Info.plist */ = {isa = PBXFileReference; lastKnownFileType = text.plist.xml; path = Info.plist; sourceTree = "<group>"; };
		33EF242519B74C6800559E15 /* AppDelegate.swift */ = {isa = PBXFileReference; lastKnownFileType = sourcecode.swift; path = AppDelegate.swift; sourceTree = "<group>"; };
		33EF242819B74C6800559E15 /* SettleApp.xcdatamodel */ = {isa = PBXFileReference; lastKnownFileType = wrapper.xcdatamodel; path = SettleApp.xcdatamodel; sourceTree = "<group>"; };
		33EF242A19B74C6800559E15 /* ViewController.swift */ = {isa = PBXFileReference; lastKnownFileType = sourcecode.swift; path = ViewController.swift; sourceTree = "<group>"; };
		33EF242D19B74C6800559E15 /* Base */ = {isa = PBXFileReference; lastKnownFileType = file.storyboard; name = Base; path = Base.lproj/Main.storyboard; sourceTree = "<group>"; };
		33EF242F19B74C6800559E15 /* Images.xcassets */ = {isa = PBXFileReference; lastKnownFileType = folder.assetcatalog; path = Images.xcassets; sourceTree = "<group>"; };
		33EF243519B74C6900559E15 /* SettleAppTests.xctest */ = {isa = PBXFileReference; explicitFileType = wrapper.cfbundle; includeInIndex = 0; path = SettleAppTests.xctest; sourceTree = BUILT_PRODUCTS_DIR; };
		33EF243A19B74C6900559E15 /* Info.plist */ = {isa = PBXFileReference; lastKnownFileType = text.plist.xml; path = Info.plist; sourceTree = "<group>"; };
		33EF243B19B74C6900559E15 /* SettleAppTests.swift */ = {isa = PBXFileReference; lastKnownFileType = sourcecode.swift; path = SettleAppTests.swift; sourceTree = "<group>"; };
/* End PBXFileReference section */

/* Begin PBXFrameworksBuildPhase section */
		33EF241D19B74C6800559E15 /* Frameworks */ = {
			isa = PBXFrameworksBuildPhase;
			buildActionMask = 2147483647;
			files = (
			);
			runOnlyForDeploymentPostprocessing = 0;
		};
		33EF243219B74C6900559E15 /* Frameworks */ = {
			isa = PBXFrameworksBuildPhase;
			buildActionMask = 2147483647;
			files = (
			);
			runOnlyForDeploymentPostprocessing = 0;
		};
/* End PBXFrameworksBuildPhase section */

/* Begin PBXGroup section */
		33EF241719B74C6800559E15 = {
			isa = PBXGroup;
			children = (
				33EF242219B74C6800559E15 /* SettleApp */,
				33EF243819B74C6900559E15 /* SettleAppTests */,
				33EF242119B74C6800559E15 /* Products */,
			);
			sourceTree = "<group>";
		};
		33EF242119B74C6800559E15 /* Products */ = {
			isa = PBXGroup;
			children = (
				33EF242019B74C6800559E15 /* SettleApp.app */,
				33EF243519B74C6900559E15 /* SettleAppTests.xctest */,
			);
			name = Products;
			sourceTree = "<group>";
		};
		33EF242219B74C6800559E15 /* SettleApp */ = {
			isa = PBXGroup;
			children = (
				33EF242519B74C6800559E15 /* AppDelegate.swift */,
				33EF242A19B74C6800559E15 /* ViewController.swift */,
				33EF242C19B74C6800559E15 /* Main.storyboard */,
				33EF242F19B74C6800559E15 /* Images.xcassets */,
				33EF242719B74C6800559E15 /* SettleApp.xcdatamodeld */,
				33EF242319B74C6800559E15 /* Supporting Files */,
			);
			path = SettleApp;
			sourceTree = "<group>";
		};
		33EF242319B74C6800559E15 /* Supporting Files */ = {
			isa = PBXGroup;
			children = (
				33EF242419B74C6800559E15 /* Info.plist */,
			);
			name = "Supporting Files";
			sourceTree = "<group>";
		};
		33EF243819B74C6900559E15 /* SettleAppTests */ = {
			isa = PBXGroup;
			children = (
				33EF243B19B74C6900559E15 /* SettleAppTests.swift */,
				33EF243919B74C6900559E15 /* Supporting Files */,
			);
			path = SettleAppTests;
			sourceTree = "<group>";
		};
		33EF243919B74C6900559E15 /* Supporting Files */ = {
			isa = PBXGroup;
			children = (
				33EF243A19B74C6900559E15 /* Info.plist */,
			);
			name = "Supporting Files";
			sourceTree = "<group>";
		};
/* End PBXGroup section */

/* Begin PBXNativeTarget section */
		33EF241F19B74C6800559E15 /* SettleApp */ = {
			isa = PBXNativeTarget;
			buildConfigurationList = 33EF243F19B74C6900559E15 /* Build configuration list for PBXNativeTarget "SettleApp" */;
			buildPhases = (
				33EF241C19B74C6800559E15 /* Sources */,
				33EF241D19B74C6800559E15 /* Frameworks */,
				33EF241E19B74C6800559E15 /* Resources */,
			);
			buildRules = (
			);
			dependencies = (
			);
			name = SettleApp;
			productName = SettleApp;
			productReference = 33EF242019B74C6800559E15 /* SettleApp.app */;
			productType = "com.apple.product-type.application";
		};
		33EF243419B74C6900559E15 /* SettleAppTests */ = {
			isa = PBXNativeTarget;
			buildConfigurationList = 33EF244219B74C6900559E15 /* Build configuration list for PBXNativeTarget "SettleAppTests" */;
			buildPhases = (
				33EF243119B74C6900559E15 /* Sources */,
				33EF243219B74C6900559E15 /* Frameworks */,
				33EF243319B74C6900559E15 /* Resources */,
			);
			buildRules = (
			);
			dependencies = (
				33EF243719B74C6900559E15 /* PBXTargetDependency */,
				33EF244619B74C7D00559E15 /* PBXTargetDependency */,
			);
			name = SettleAppTests;
			productName = SettleAppTests;
			productReference = 33EF243519B74C6900559E15 /* SettleAppTests.xctest */;
			productType = "com.apple.product-type.bundle.unit-test";
		};
/* End PBXNativeTarget section */

/* Begin PBXProject section */
		33EF241819B74C6800559E15 /* Project object */ = {
			isa = PBXProject;
			attributes = {
				LastUpgradeCheck = 0600;
				ORGANIZATIONNAME = "Tobias Lundgren";
				TargetAttributes = {
					33EF241F19B74C6800559E15 = {
						CreatedOnToolsVersion = 6.0;
					};
					33EF243419B74C6900559E15 = {
						CreatedOnToolsVersion = 6.0;
						TestTargetID = 33EF241F19B74C6800559E15;
					};
				};
			};
			buildConfigurationList = 33EF241B19B74C6800559E15 /* Build configuration list for PBXProject "SettleApp" */;
			compatibilityVersion = "Xcode 3.2";
			developmentRegion = English;
			hasScannedForEncodings = 0;
			knownRegions = (
				en,
				Base,
			);
			mainGroup = 33EF241719B74C6800559E15;
			productRefGroup = 33EF242119B74C6800559E15 /* Products */;
			projectDirPath = "";
			projectRoot = "";
			targets = (
				33EF241F19B74C6800559E15 /* SettleApp */,
				33EF243419B74C6900559E15 /* SettleAppTests */,
			);
		};
/* End PBXProject section */

/* Begin PBXResourcesBuildPhase section */
		33EF241E19B74C6800559E15 /* Resources */ = {
			isa = PBXResourcesBuildPhase;
			buildActionMask = 2147483647;
			files = (
				33EF242E19B74C6800559E15 /* Main.storyboard in Resources */,
				33EF243019B74C6800559E15 /* Images.xcassets in Resources */,
			);
			runOnlyForDeploymentPostprocessing = 0;
		};
		33EF243319B74C6900559E15 /* Resources */ = {
			isa = PBXResourcesBuildPhase;
			buildActionMask = 2147483647;
			files = (
			);
			runOnlyForDeploymentPostprocessing = 0;
		};
/* End PBXResourcesBuildPhase section */

/* Begin PBXSourcesBuildPhase section */
		33EF241C19B74C6800559E15 /* Sources */ = {
			isa = PBXSourcesBuildPhase;
			buildActionMask = 2147483647;
			files = (
				33EF242B19B74C6800559E15 /* ViewController.swift in Sources */,
				33EF242919B74C6800559E15 /* SettleApp.xcdatamodeld in Sources */,
				33EF242619B74C6800559E15 /* AppDelegate.swift in Sources */,
			);
			runOnlyForDeploymentPostprocessing = 0;
		};
		33EF243119B74C6900559E15 /* Sources */ = {
			isa = PBXSourcesBuildPhase;
			buildActionMask = 2147483647;
			files = (
				33EF243C19B74C6900559E15 /* SettleAppTests.swift in Sources */,
			);
			runOnlyForDeploymentPostprocessing = 0;
		};
/* End PBXSourcesBuildPhase section */

/* Begin PBXTargetDependency section */
		33EF243719B74C6900559E15 /* PBXTargetDependency */ = {
			isa = PBXTargetDependency;
			target = 33EF241F19B74C6800559E15 /* SettleApp */;
			targetProxy = 33EF243619B74C6900559E15 /* PBXContainerItemProxy */;
		};
		33EF244619B74C7D00559E15 /* PBXTargetDependency */ = {
			isa = PBXTargetDependency;
			target = 33EF241F19B74C6800559E15 /* SettleApp */;
			targetProxy = 33EF244519B74C7D00559E15 /* PBXContainerItemProxy */;
		};
/* End PBXTargetDependency section */

/* Begin PBXVariantGroup section */
		33EF242C19B74C6800559E15 /* Main.storyboard */ = {
			isa = PBXVariantGroup;
			children = (
				33EF242D19B74C6800559E15 /* Base */,
			);
			name = Main.storyboard;
			sourceTree = "<group>";
		};
/* End PBXVariantGroup section */

/* Begin XCBuildConfiguration section */
		33EF243D19B74C6900559E15 /* Debug */ = {
			isa = XCBuildConfiguration;
			buildSettings = {
				ALWAYS_SEARCH_USER_PATHS = NO;
				CLANG_CXX_LANGUAGE_STANDARD = "gnu++0x";
				CLANG_CXX_LIBRARY = "libc++";
				CLANG_ENABLE_MODULES = YES;
				CLANG_ENABLE_OBJC_ARC = YES;
				CLANG_WARN_BOOL_CONVERSION = YES;
				CLANG_WARN_CONSTANT_CONVERSION = YES;
				CLANG_WARN_DIRECT_OBJC_ISA_USAGE = YES_ERROR;
				CLANG_WARN_EMPTY_BODY = YES;
				CLANG_WARN_ENUM_CONVERSION = YES;
				CLANG_WARN_INT_CONVERSION = YES;
				CLANG_WARN_OBJC_ROOT_CLASS = YES_ERROR;
				CLANG_WARN_UNREACHABLE_CODE = YES;
				CLANG_WARN__DUPLICATE_METHOD_MATCH = YES;
				"CODE_SIGN_IDENTITY[sdk=iphoneos*]" = "iPhone Developer";
				COPY_PHASE_STRIP = NO;
				ENABLE_STRICT_OBJC_MSGSEND = YES;
				GCC_C_LANGUAGE_STANDARD = gnu99;
				GCC_DYNAMIC_NO_PIC = NO;
				GCC_OPTIMIZATION_LEVEL = 0;
				GCC_PREPROCESSOR_DEFINITIONS = (
					"DEBUG=1",
					"$(inherited)",
				);
				GCC_SYMBOLS_PRIVATE_EXTERN = NO;
				GCC_WARN_64_TO_32_BIT_CONVERSION = YES;
				GCC_WARN_ABOUT_RETURN_TYPE = YES_ERROR;
				GCC_WARN_UNDECLARED_SELECTOR = YES;
				GCC_WARN_UNINITIALIZED_AUTOS = YES_AGGRESSIVE;
				GCC_WARN_UNUSED_FUNCTION = YES;
				GCC_WARN_UNUSED_VARIABLE = YES;
				IPHONEOS_DEPLOYMENT_TARGET = 8.0;
				MTL_ENABLE_DEBUG_INFO = YES;
				ONLY_ACTIVE_ARCH = YES;
				SDKROOT = iphoneos;
				SWIFT_OPTIMIZATION_LEVEL = "-Onone";
			};
			name = Debug;
		};
		33EF243E19B74C6900559E15 /* Release */ = {
			isa = XCBuildConfiguration;
			buildSettings = {
				ALWAYS_SEARCH_USER_PATHS = NO;
				CLANG_CXX_LANGUAGE_STANDARD = "gnu++0x";
				CLANG_CXX_LIBRARY = "libc++";
				CLANG_ENABLE_MODULES = YES;
				CLANG_ENABLE_OBJC_ARC = YES;
				CLANG_WARN_BOOL_CONVERSION = YES;
				CLANG_WARN_CONSTANT_CONVERSION = YES;
				CLANG_WARN_DIRECT_OBJC_ISA_USAGE = YES_ERROR;
				CLANG_WARN_EMPTY_BODY = YES;
				CLANG_WARN_ENUM_CONVERSION = YES;
				CLANG_WARN_INT_CONVERSION = YES;
				CLANG_WARN_OBJC_ROOT_CLASS = YES_ERROR;
				CLANG_WARN_UNREACHABLE_CODE = YES;
				CLANG_WARN__DUPLICATE_METHOD_MATCH = YES;
				"CODE_SIGN_IDENTITY[sdk=iphoneos*]" = "iPhone Developer";
				COPY_PHASE_STRIP = YES;
				ENABLE_NS_ASSERTIONS = NO;
				ENABLE_STRICT_OBJC_MSGSEND = YES;
				GCC_C_LANGUAGE_STANDARD = gnu99;
				GCC_WARN_64_TO_32_BIT_CONVERSION = YES;
				GCC_WARN_ABOUT_RETURN_TYPE = YES_ERROR;
				GCC_WARN_UNDECLARED_SELECTOR = YES;
				GCC_WARN_UNINITIALIZED_AUTOS = YES_AGGRESSIVE;
				GCC_WARN_UNUSED_FUNCTION = YES;
				GCC_WARN_UNUSED_VARIABLE = YES;
				IPHONEOS_DEPLOYMENT_TARGET = 8.0;
				MTL_ENABLE_DEBUG_INFO = NO;
				SDKROOT = iphoneos;
				VALIDATE_PRODUCT = YES;
			};
			name = Release;
		};
		33EF244019B74C6900559E15 /* Debug */ = {
			isa = XCBuildConfiguration;
			buildSettings = {
				ASSETCATALOG_COMPILER_APPICON_NAME = AppIcon;
				ASSETCATALOG_COMPILER_LAUNCHIMAGE_NAME = LaunchImage;
				INFOPLIST_FILE = SettleApp/Info.plist;
				LD_RUNPATH_SEARCH_PATHS = "$(inherited) @executable_path/Frameworks";
				PRODUCT_NAME = "$(TARGET_NAME)";
			};
			name = Debug;
		};
		33EF244119B74C6900559E15 /* Release */ = {
			isa = XCBuildConfiguration;
			buildSettings = {
				ASSETCATALOG_COMPILER_APPICON_NAME = AppIcon;
				ASSETCATALOG_COMPILER_LAUNCHIMAGE_NAME = LaunchImage;
				INFOPLIST_FILE = SettleApp/Info.plist;
				LD_RUNPATH_SEARCH_PATHS = "$(inherited) @executable_path/Frameworks";
				PRODUCT_NAME = "$(TARGET_NAME)";
			};
			name = Release;
		};
		33EF244319B74C6900559E15 /* Debug */ = {
			isa = XCBuildConfiguration;
			buildSettings = {
				BUNDLE_LOADER = "$(BUILT_PRODUCTS_DIR)/SettleApp.app/SettleApp";
				FRAMEWORK_SEARCH_PATHS = (
					"$(SDKROOT)/Developer/Library/Frameworks",
					"$(inherited)",
				);
				GCC_PREPROCESSOR_DEFINITIONS = (
					"DEBUG=1",
					"$(inherited)",
				);
				INFOPLIST_FILE = SettleAppTests/Info.plist;
				LD_RUNPATH_SEARCH_PATHS = "$(inherited) @executable_path/Frameworks @loader_path/Frameworks";
				PRODUCT_NAME = "$(TARGET_NAME)";
				TEST_HOST = "$(BUNDLE_LOADER)";
			};
			name = Debug;
		};
		33EF244419B74C6900559E15 /* Release */ = {
			isa = XCBuildConfiguration;
			buildSettings = {
				BUNDLE_LOADER = "$(BUILT_PRODUCTS_DIR)/SettleApp.app/SettleApp";
				FRAMEWORK_SEARCH_PATHS = (
					"$(SDKROOT)/Developer/Library/Frameworks",
					"$(inherited)",
				);
				INFOPLIST_FILE = SettleAppTests/Info.plist;
				LD_RUNPATH_SEARCH_PATHS = "$(inherited) @executable_path/Frameworks @loader_path/Frameworks";
				PRODUCT_NAME = "$(TARGET_NAME)";
				TEST_HOST = "$(BUNDLE_LOADER)";
			};
			name = Release;
		};
/* End XCBuildConfiguration section */

/* Begin XCConfigurationList section */
		33EF241B19B74C6800559E15 /* Build configuration list for PBXProject "SettleApp" */ = {
			isa = XCConfigurationList;
			buildConfigurations = (
				33EF243D19B74C6900559E15 /* Debug */,
				33EF243E19B74C6900559E15 /* Release */,
			);
			defaultConfigurationIsVisible = 0;
			defaultConfigurationName = Release;
		};
		33EF243F19B74C6900559E15 /* Build configuration list for PBXNativeTarget "SettleApp" */ = {
			isa = XCConfigurationList;
			buildConfigurations = (
				33EF244019B74C6900559E15 /* Debug */,
				33EF244119B74C6900559E15 /* Release */,
			);
			defaultConfigurationIsVisible = 0;
		};
		33EF244219B74C6900559E15 /* Build configuration list for PBXNativeTarget "SettleAppTests" */ = {
			isa = XCConfigurationList;
			buildConfigurations = (
				33EF244319B74C6900559E15 /* Debug */,
				33EF244419B74C6900559E15 /* Release */,
			);
			defaultConfigurationIsVisible = 0;
		};
/* End XCConfigurationList section */

/* Begin XCVersionGroup section */
		33EF242719B74C6800559E15 /* SettleApp.xcdatamodeld */ = {
			isa = XCVersionGroup;
			children = (
				33EF242819B74C6800559E15 /* SettleApp.xcdatamodel */,
			);
			currentVersion = 33EF242819B74C6800559E15 /* SettleApp.xcdatamodel */;
			path = SettleApp.xcdatamodeld;
			sourceTree = "<group>";
			versionGroupType = wrapper.xcdatamodel;
		};
/* End XCVersionGroup section */
	};
	rootObject = 33EF241819B74C6800559E15 /* Project object */;
}
